{
	"name": "@reboost/plugin-svelte",
	"version": "0.19.1",
	"lockfileVersion": 2,
	"requires": true,
	"packages": {
		"": {
			"name": "@reboost/plugin-svelte",
			"version": "0.19.1",
			"license": "MIT",
			"dependencies": {
				"svelte-hmr": "^0.12.2"
			},
			"devDependencies": {
				"magic-string": "^0.25.7",
				"svelte": "^3.31.2",
				"typescript": "^4.1.3"
			},
			"peerDependencies": {
				"svelte": "^3.31.2"
			}
		},
		"node_modules/magic-string": {
			"version": "0.25.7",
			"resolved": "https://registry.npmjs.org/magic-string/-/magic-string-0.25.7.tgz",
			"integrity": "sha512-4CrMT5DOHTDk4HYDlzmwu4FVCcIYI8gauveasrdCu2IKIFOJ3f0v/8MDGJCDL9oD2ppz/Av1b0Nj345H9M+XIA==",
			"dev": true,
			"dependencies": {
				"sourcemap-codec": "^1.4.4"
			}
		},
		"node_modules/sourcemap-codec": {
			"version": "1.4.8",
			"resolved": "https://registry.npmjs.org/sourcemap-codec/-/sourcemap-codec-1.4.8.tgz",
			"integrity": "sha512-9NykojV5Uih4lgo5So5dtw+f0JgJX30KCNI8gwhz2J9A15wD0Ml6tjHKwf6fTSa6fAdVBdZeNOs9eJ71qCk8vA==",
			"dev": true
		},
		"node_modules/svelte": {
			"version": "3.31.2",
			"resolved": "https://registry.npmjs.org/svelte/-/svelte-3.31.2.tgz",
			"integrity": "sha512-TxZGrXzX2ggFH3BIKY5fmbeMdJuZrMIMDYPMX6R9255bueuYIuVaBQSLUeY2oD7W4IdeqRZiAVGCjDw2POKBRA==",
			"peer": true,
			"engines": {
				"node": ">= 8"
			}
		},
		"node_modules/svelte-hmr": {
			"version": "0.12.2",
			"resolved": "https://registry.npmjs.org/svelte-hmr/-/svelte-hmr-0.12.2.tgz",
			"integrity": "sha512-86fpj4Wjno7OREJsGxQwpVBtB3kmiKWwpOlvdZmfBZYankpL38lcVtAi1zvQXXcN4g8pRXUG68khwp6dYRwpYg==",
			"peerDependencies": {
				"svelte": ">=3.19.0"
			}
		},
		"node_modules/typescript": {
			"version": "4.1.3",
			"resolved": "https://registry.npmjs.org/typescript/-/typescript-4.1.3.tgz",
			"integrity": "sha512-B3ZIOf1IKeH2ixgHhj6la6xdwR9QrLC5d1VKeCSY4tvkqhF2eqd9O7txNlS0PO3GrBAFIdr3L1ndNwteUbZLYg==",
			"dev": true,
			"bin": {
				"tsc": "bin/tsc",
				"tsserver": "bin/tsserver"
			},
			"engines": {
				"node": ">=4.2.0"
			}
		}
	},
	"dependencies": {
		"magic-string": {
			"version": "0.25.7",
			"resolved": "https://registry.npmjs.org/magic-string/-/magic-string-0.25.7.tgz",
			"integrity": "sha512-4CrMT5DOHTDk4HYDlzmwu4FVCcIYI8gauveasrdCu2IKIFOJ3f0v/8MDGJCDL9oD2ppz/Av1b0Nj345H9M+XIA==",
			"dev": true,
			"requires": {
				"sourcemap-codec": "^1.4.4"
			}
		},
		"sourcemap-codec": {
			"version": "1.4.8",
			"resolved": "https://registry.npmjs.org/sourcemap-codec/-/sourcemap-codec-1.4.8.tgz",
			"integrity": "sha512-9NykojV5Uih4lgo5So5dtw+f0JgJX30KCNI8gwhz2J9A15wD0Ml6tjHKwf6fTSa6fAdVBdZeNOs9eJ71qCk8vA==",
			"dev": true
		},
		"svelte": {
			"version": "3.31.2",
			"resolved": "https://registry.npmjs.org/svelte/-/svelte-3.31.2.tgz",
			"integrity": "sha512-TxZGrXzX2ggFH3BIKY5fmbeMdJuZrMIMDYPMX6R9255bueuYIuVaBQSLUeY2oD7W4IdeqRZiAVGCjDw2POKBRA==",
			"peer": true
		},
		"svelte-hmr": {
			"version": "0.12.2",
			"resolved": "https://registry.npmjs.org/svelte-hmr/-/svelte-hmr-0.12.2.tgz",
			"integrity": "sha512-86fpj4Wjno7OREJsGxQwpVBtB3kmiKWwpOlvdZmfBZYankpL38lcVtAi1zvQXXcN4g8pRXUG68khwp6dYRwpYg==",
			"requires": {}
		},
		"typescript": {
			"version": "4.1.3",
			"resolved": "https://registry.npmjs.org/typescript/-/typescript-4.1.3.tgz",
			"integrity": "sha512-B3ZIOf1IKeH2ixgHhj6la6xdwR9QrLC5d1VKeCSY4tvkqhF2eqd9O7txNlS0PO3GrBAFIdr3L1ndNwteUbZLYg==",
			"dev": true
		}
	}
}
