{
	"name": "@reboost/plugin-svelte",
	"version": "0.20.1",
	"lockfileVersion": 2,
	"requires": true,
	"packages": {
		"": {
			"name": "@reboost/plugin-svelte",
			"version": "0.20.1",
			"license": "MIT",
			"dependencies": {
				"svelte-hmr": "^0.14.7"
			},
			"devDependencies": {
				"magic-string": "^0.25.7",
				"svelte": "^3.43.0",
				"typescript": "^4.4.3"
			},
			"peerDependencies": {
				"svelte": "^3.43.0"
			}
		},
		"node_modules/magic-string": {
			"version": "0.25.7",
			"resolved": "https://registry.npmjs.org/magic-string/-/magic-string-0.25.7.tgz",
			"integrity": "sha512-4CrMT5DOHTDk4HYDlzmwu4FVCcIYI8gauveasrdCu2IKIFOJ3f0v/8MDGJCDL9oD2ppz/Av1b0Nj345H9M+XIA==",
			"dev": true,
			"dependencies": {
				"sourcemap-codec": "^1.4.4"
			}
		},
		"node_modules/sourcemap-codec": {
			"version": "1.4.8",
			"resolved": "https://registry.npmjs.org/sourcemap-codec/-/sourcemap-codec-1.4.8.tgz",
			"integrity": "sha512-9NykojV5Uih4lgo5So5dtw+f0JgJX30KCNI8gwhz2J9A15wD0Ml6tjHKwf6fTSa6fAdVBdZeNOs9eJ71qCk8vA==",
			"dev": true
		},
		"node_modules/svelte": {
			"version": "3.43.0",
			"resolved": "https://registry.npmjs.org/svelte/-/svelte-3.43.0.tgz",
			"integrity": "sha512-T2pMPHrxXp+SM8pLLUXLQgkdo+JhTls7aqj9cD7z8wT2ccP+OrCAmtQS7h6pvMjitaZhXFNnCK582NxDpy8HSw==",
			"engines": {
				"node": ">= 8"
			}
		},
		"node_modules/svelte-hmr": {
			"version": "0.14.7",
			"resolved": "https://registry.npmjs.org/svelte-hmr/-/svelte-hmr-0.14.7.tgz",
			"integrity": "sha512-pDrzgcWSoMaK6AJkBWkmgIsecW0GChxYZSZieIYfCP0v2oPyx2CYU/zm7TBIcjLVUPP714WxmViE9Thht4etog==",
			"peerDependencies": {
				"svelte": ">=3.19.0"
			}
		},
		"node_modules/typescript": {
			"version": "4.4.3",
			"resolved": "https://registry.npmjs.org/typescript/-/typescript-4.4.3.tgz",
			"integrity": "sha512-4xfscpisVgqqDfPaJo5vkd+Qd/ItkoagnHpufr+i2QCHBsNYp+G7UAoyFl8aPtx879u38wPV65rZ8qbGZijalA==",
			"dev": true,
			"bin": {
				"tsc": "bin/tsc",
				"tsserver": "bin/tsserver"
			},
			"engines": {
				"node": ">=4.2.0"
			}
		}
	},
	"dependencies": {
		"magic-string": {
			"version": "0.25.7",
			"resolved": "https://registry.npmjs.org/magic-string/-/magic-string-0.25.7.tgz",
			"integrity": "sha512-4CrMT5DOHTDk4HYDlzmwu4FVCcIYI8gauveasrdCu2IKIFOJ3f0v/8MDGJCDL9oD2ppz/Av1b0Nj345H9M+XIA==",
			"dev": true,
			"requires": {
				"sourcemap-codec": "^1.4.4"
			}
		},
		"sourcemap-codec": {
			"version": "1.4.8",
			"resolved": "https://registry.npmjs.org/sourcemap-codec/-/sourcemap-codec-1.4.8.tgz",
			"integrity": "sha512-9NykojV5Uih4lgo5So5dtw+f0JgJX30KCNI8gwhz2J9A15wD0Ml6tjHKwf6fTSa6fAdVBdZeNOs9eJ71qCk8vA==",
			"dev": true
		},
		"svelte": {
			"version": "3.43.0",
			"resolved": "https://registry.npmjs.org/svelte/-/svelte-3.43.0.tgz",
			"integrity": "sha512-T2pMPHrxXp+SM8pLLUXLQgkdo+JhTls7aqj9cD7z8wT2ccP+OrCAmtQS7h6pvMjitaZhXFNnCK582NxDpy8HSw=="
		},
		"svelte-hmr": {
			"version": "0.14.7",
			"resolved": "https://registry.npmjs.org/svelte-hmr/-/svelte-hmr-0.14.7.tgz",
			"integrity": "sha512-pDrzgcWSoMaK6AJkBWkmgIsecW0GChxYZSZieIYfCP0v2oPyx2CYU/zm7TBIcjLVUPP714WxmViE9Thht4etog==",
			"requires": {}
		},
		"typescript": {
			"version": "4.4.3",
			"resolved": "https://registry.npmjs.org/typescript/-/typescript-4.4.3.tgz",
			"integrity": "sha512-4xfscpisVgqqDfPaJo5vkd+Qd/ItkoagnHpufr+i2QCHBsNYp+G7UAoyFl8aPtx879u38wPV65rZ8qbGZijalA==",
			"dev": true
		}
	}
}
