{
	"name": "@reboost/plugin-svelte",
	"version": "0.5.3",
	"lockfileVersion": 1,
	"requires": true,
	"dependencies": {
		"@types/color-name": {
			"version": "1.1.1",
			"resolved": "https://registry.npmjs.org/@types/color-name/-/color-name-1.1.1.tgz",
			"integrity": "sha512-rr+OQyAjxze7GgWrSaJwydHStIhHq2lvY3BOC2Mj7KnzI7XK0Uw1TOOdI9lDoajEbSWLiYgoo4f1R51erQfhPQ=="
		},
		"ansi-styles": {
			"version": "4.2.1",
			"resolved": "https://registry.npmjs.org/ansi-styles/-/ansi-styles-4.2.1.tgz",
			"integrity": "sha512-9VGjrMsG1vePxcSweQsN20KY/c4zN0h9fLjqAbwbPfahM3t+NL+M9HC8xeXG2I8pX5NoamTGNuomEUFI7fcUjA==",
			"requires": {
				"@types/color-name": "^1.1.1",
				"color-convert": "^2.0.1"
			}
		},
		"chalk": {
			"version": "4.1.0",
			"resolved": "https://registry.npmjs.org/chalk/-/chalk-4.1.0.tgz",
			"integrity": "sha512-qwx12AxXe2Q5xQ43Ac//I6v5aXTipYrSESdOgzrN+9XjgEpyjpKuvSGaN4qE93f7TQTlerQQ8S+EQ0EyDoVL1A==",
			"requires": {
				"ansi-styles": "^4.1.0",
				"supports-color": "^7.1.0"
			}
		},
		"color-convert": {
			"version": "2.0.1",
			"resolved": "https://registry.npmjs.org/color-convert/-/color-convert-2.0.1.tgz",
			"integrity": "sha512-RRECPsj7iu/xb5oKYcsFHSppFNnsj/52OVTRKb4zP5onXwVF3zVmmToNcOfGC+CRDpfK/U584fMg38ZHCaElKQ==",
			"requires": {
				"color-name": "~1.1.4"
			}
		},
		"color-name": {
			"version": "1.1.4",
			"resolved": "https://registry.npmjs.org/color-name/-/color-name-1.1.4.tgz",
			"integrity": "sha512-dOy+3AuW3a2wNbZHIuMZpTcgjGuLU/uBL/ubcZF9OXbDo8ff4O8yVp5Bf0efS8uEoYo5q4Fx7dY9OgQGXgAsQA=="
		},
		"has-flag": {
			"version": "4.0.0",
			"resolved": "https://registry.npmjs.org/has-flag/-/has-flag-4.0.0.tgz",
			"integrity": "sha512-EykJT/Q1KjTWctppgIAgfSO0tKVuZUjhgMr17kqTumMl6Afv3EISleU7qZUzoXDFTAHTDC4NOoG/ZxU3EvlMPQ=="
		},
		"magic-string": {
			"version": "0.25.7",
			"resolved": "https://registry.npmjs.org/magic-string/-/magic-string-0.25.7.tgz",
			"integrity": "sha512-4CrMT5DOHTDk4HYDlzmwu4FVCcIYI8gauveasrdCu2IKIFOJ3f0v/8MDGJCDL9oD2ppz/Av1b0Nj345H9M+XIA==",
			"dev": true,
			"requires": {
				"sourcemap-codec": "^1.4.4"
			}
		},
		"sourcemap-codec": {
			"version": "1.4.8",
			"resolved": "https://registry.npmjs.org/sourcemap-codec/-/sourcemap-codec-1.4.8.tgz",
			"integrity": "sha512-9NykojV5Uih4lgo5So5dtw+f0JgJX30KCNI8gwhz2J9A15wD0Ml6tjHKwf6fTSa6fAdVBdZeNOs9eJ71qCk8vA==",
			"dev": true
		},
		"supports-color": {
			"version": "7.1.0",
			"resolved": "https://registry.npmjs.org/supports-color/-/supports-color-7.1.0.tgz",
			"integrity": "sha512-oRSIpR8pxT1Wr2FquTNnGet79b3BWljqOuoW/h4oBhxJ/HUbX5nX6JSruTkvXDCFMwDPvsaTTbvMLKZWSy0R5g==",
			"requires": {
				"has-flag": "^4.0.0"
			}
		},
		"svelte": {
			"version": "3.23.2",
			"resolved": "https://registry.npmjs.org/svelte/-/svelte-3.23.2.tgz",
			"integrity": "sha512-hE8GeTM83YVR4GY6/6PeDEcGct4JS5aCi+IYbCAa76oaPSfuF7L85DQYULQxlTK/KPWzw3L1GRGmC3oPG/PQoA==",
			"dev": true
		},
		"typescript": {
			"version": "3.9.5",
			"resolved": "https://registry.npmjs.org/typescript/-/typescript-3.9.5.tgz",
			"integrity": "sha512-hSAifV3k+i6lEoCJ2k6R2Z/rp/H3+8sdmcn5NrS3/3kE7+RyZXm9aqvxWqjEXHAd8b0pShatpcdMTvEdvAJltQ==",
			"dev": true
		}
	}
}
