{
	"name": "@reboost/plugin-babel",
	"version": "0.18.2",
	"lockfileVersion": 1,
	"requires": true,
	"dependencies": {
		"@babel/helper-validator-identifier": {
			"version": "7.10.4",
			"resolved": "https://registry.npmjs.org/@babel/helper-validator-identifier/-/helper-validator-identifier-7.10.4.tgz",
			"integrity": "sha512-3U9y+43hz7ZM+rzG24Qe2mufW5KhvFg/NhnNph+i9mgCtdTCtMJuI1TMkrIUiK7Ix4PYlRF9I5dhqaLYA/ADXw=="
		},
		"@babel/parser": {
			"version": "7.12.3",
			"resolved": "https://registry.npmjs.org/@babel/parser/-/parser-7.12.3.tgz",
			"integrity": "sha512-kFsOS0IbsuhO5ojF8Hc8z/8vEIOkylVBrjiZUbLTE3XFe0Qi+uu6HjzQixkFaqr0ZPAMZcBVxEwmsnsLPZ2Xsw=="
		},
		"@babel/types": {
			"version": "7.12.1",
			"resolved": "https://registry.npmjs.org/@babel/types/-/types-7.12.1.tgz",
			"integrity": "sha512-BzSY3NJBKM4kyatSOWh3D/JJ2O3CVzBybHWxtgxnggaxEuaSTTDqeiSb/xk9lrkw2Tbqyivw5ZU4rT+EfznQsA==",
			"requires": {
				"@babel/helper-validator-identifier": "^7.10.4",
				"lodash": "^4.17.19",
				"to-fast-properties": "^2.0.0"
			}
		},
		"@types/babel__core": {
			"version": "7.1.12",
			"resolved": "https://registry.npmjs.org/@types/babel__core/-/babel__core-7.1.12.tgz",
			"integrity": "sha512-wMTHiiTiBAAPebqaPiPDLFA4LYPKr6Ph0Xq/6rq1Ur3v66HXyG+clfR9CNETkD7MQS8ZHvpQOtA53DLws5WAEQ==",
			"requires": {
				"@babel/parser": "^7.1.0",
				"@babel/types": "^7.0.0",
				"@types/babel__generator": "*",
				"@types/babel__template": "*",
				"@types/babel__traverse": "*"
			}
		},
		"@types/babel__generator": {
			"version": "7.6.2",
			"resolved": "https://registry.npmjs.org/@types/babel__generator/-/babel__generator-7.6.2.tgz",
			"integrity": "sha512-MdSJnBjl+bdwkLskZ3NGFp9YcXGx5ggLpQQPqtgakVhsWK0hTtNYhjpZLlWQTviGTvF8at+Bvli3jV7faPdgeQ==",
			"requires": {
				"@babel/types": "^7.0.0"
			}
		},
		"@types/babel__template": {
			"version": "7.0.3",
			"resolved": "https://registry.npmjs.org/@types/babel__template/-/babel__template-7.0.3.tgz",
			"integrity": "sha512-uCoznIPDmnickEi6D0v11SBpW0OuVqHJCa7syXqQHy5uktSCreIlt0iglsCnmvz8yCb38hGcWeseA8cWJSwv5Q==",
			"requires": {
				"@babel/parser": "^7.1.0",
				"@babel/types": "^7.0.0"
			}
		},
		"@types/babel__traverse": {
			"version": "7.0.15",
			"resolved": "https://registry.npmjs.org/@types/babel__traverse/-/babel__traverse-7.0.15.tgz",
			"integrity": "sha512-Pzh9O3sTK8V6I1olsXpCfj2k/ygO2q1X0vhhnDrEQyYLHZesWz+zMZMVcwXLCYf0U36EtmyYaFGPfXlTtDHe3A==",
			"requires": {
				"@babel/types": "^7.3.0"
			}
		},
		"lodash": {
			"version": "4.17.20",
			"resolved": "https://registry.npmjs.org/lodash/-/lodash-4.17.20.tgz",
			"integrity": "sha512-PlhdFcillOINfeV7Ni6oF1TAEayyZBoZ8bcshTHqOYJYlrqzRK5hagpagky5o4HfCzzd1TRkXPMFq6cKk9rGmA=="
		},
		"to-fast-properties": {
			"version": "2.0.0",
			"resolved": "https://registry.npmjs.org/to-fast-properties/-/to-fast-properties-2.0.0.tgz",
			"integrity": "sha1-3F5pjL0HkmW8c+A3doGk5Og/YW4="
		},
		"typescript": {
			"version": "4.0.5",
			"resolved": "https://registry.npmjs.org/typescript/-/typescript-4.0.5.tgz",
			"integrity": "sha512-ywmr/VrTVCmNTJ6iV2LwIrfG1P+lv6luD8sUJs+2eI9NLGigaN+nUQc13iHqisq7bra9lnmUSYqbJvegraBOPQ==",
			"dev": true
		}
	}
}
