{
	"name": "@reboost/plugin-babel",
	"version": "0.14.1",
	"lockfileVersion": 1,
	"requires": true,
	"dependencies": {
		"@babel/helper-validator-identifier": {
			"version": "7.10.4",
			"resolved": "https://registry.npmjs.org/@babel/helper-validator-identifier/-/helper-validator-identifier-7.10.4.tgz",
			"integrity": "sha512-3U9y+43hz7ZM+rzG24Qe2mufW5KhvFg/NhnNph+i9mgCtdTCtMJuI1TMkrIUiK7Ix4PYlRF9I5dhqaLYA/ADXw=="
		},
		"@babel/parser": {
			"version": "7.11.5",
			"resolved": "https://registry.npmjs.org/@babel/parser/-/parser-7.11.5.tgz",
			"integrity": "sha512-X9rD8qqm695vgmeaQ4fvz/o3+Wk4ZzQvSHkDBgpYKxpD4qTAUm88ZKtHkVqIOsYFFbIQ6wQYhC6q7pjqVK0E0Q=="
		},
		"@babel/types": {
			"version": "7.11.5",
			"resolved": "https://registry.npmjs.org/@babel/types/-/types-7.11.5.tgz",
			"integrity": "sha512-bvM7Qz6eKnJVFIn+1LPtjlBFPVN5jNDc1XmN15vWe7Q3DPBufWWsLiIvUu7xW87uTG6QoggpIDnUgLQvPheU+Q==",
			"requires": {
				"@babel/helper-validator-identifier": "^7.10.4",
				"lodash": "^4.17.19",
				"to-fast-properties": "^2.0.0"
			}
		},
		"@types/babel__core": {
			"version": "7.1.10",
			"resolved": "https://registry.npmjs.org/@types/babel__core/-/babel__core-7.1.10.tgz",
			"integrity": "sha512-x8OM8XzITIMyiwl5Vmo2B1cR1S1Ipkyv4mdlbJjMa1lmuKvKY9FrBbEANIaMlnWn5Rf7uO+rC/VgYabNkE17Hw==",
			"requires": {
				"@babel/parser": "^7.1.0",
				"@babel/types": "^7.0.0",
				"@types/babel__generator": "*",
				"@types/babel__template": "*",
				"@types/babel__traverse": "*"
			}
		},
		"@types/babel__generator": {
			"version": "7.6.2",
			"resolved": "https://registry.npmjs.org/@types/babel__generator/-/babel__generator-7.6.2.tgz",
			"integrity": "sha512-MdSJnBjl+bdwkLskZ3NGFp9YcXGx5ggLpQQPqtgakVhsWK0hTtNYhjpZLlWQTviGTvF8at+Bvli3jV7faPdgeQ==",
			"requires": {
				"@babel/types": "^7.0.0"
			}
		},
		"@types/babel__template": {
			"version": "7.0.3",
			"resolved": "https://registry.npmjs.org/@types/babel__template/-/babel__template-7.0.3.tgz",
			"integrity": "sha512-uCoznIPDmnickEi6D0v11SBpW0OuVqHJCa7syXqQHy5uktSCreIlt0iglsCnmvz8yCb38hGcWeseA8cWJSwv5Q==",
			"requires": {
				"@babel/parser": "^7.1.0",
				"@babel/types": "^7.0.0"
			}
		},
		"@types/babel__traverse": {
			"version": "7.0.15",
			"resolved": "https://registry.npmjs.org/@types/babel__traverse/-/babel__traverse-7.0.15.tgz",
			"integrity": "sha512-Pzh9O3sTK8V6I1olsXpCfj2k/ygO2q1X0vhhnDrEQyYLHZesWz+zMZMVcwXLCYf0U36EtmyYaFGPfXlTtDHe3A==",
			"requires": {
				"@babel/types": "^7.3.0"
			}
		},
		"lodash": {
			"version": "4.17.20",
			"resolved": "https://registry.npmjs.org/lodash/-/lodash-4.17.20.tgz",
			"integrity": "sha512-PlhdFcillOINfeV7Ni6oF1TAEayyZBoZ8bcshTHqOYJYlrqzRK5hagpagky5o4HfCzzd1TRkXPMFq6cKk9rGmA=="
		},
		"to-fast-properties": {
			"version": "2.0.0",
			"resolved": "https://registry.npmjs.org/to-fast-properties/-/to-fast-properties-2.0.0.tgz",
			"integrity": "sha1-3F5pjL0HkmW8c+A3doGk5Og/YW4="
		},
		"typescript": {
			"version": "4.0.3",
			"resolved": "https://registry.npmjs.org/typescript/-/typescript-4.0.3.tgz",
			"integrity": "sha512-tEu6DGxGgRJPb/mVPIZ48e69xCn2yRmCgYmDugAVwmJ6o+0u1RI18eO7E7WBTLYLaEVVOhwQmcdhQHweux/WPg==",
			"dev": true
		}
	}
}
