{
	"name": "@reboost/plugin-sass",
	"version": "0.8.0",
	"lockfileVersion": 1,
	"requires": true,
	"dependencies": {
		"@types/node": {
			"version": "14.0.13",
			"resolved": "https://registry.npmjs.org/@types/node/-/node-14.0.13.tgz",
			"integrity": "sha512-rouEWBImiRaSJsVA+ITTFM6ZxibuAlTuNOCyxVbwreu6k6+ujs7DfnU9o+PShFhET78pMBl3eH+AGSI5eOTkPA=="
		},
		"@types/node-sass": {
			"version": "4.11.1",
			"resolved": "https://registry.npmjs.org/@types/node-sass/-/node-sass-4.11.1.tgz",
			"integrity": "sha512-wPOmOEEtbwQiPTIgzUuRSQZ3H5YHinsxRGeZzPSDefAm4ylXWnZG9C0adses8ymyplKK0gwv3JkDNO8GGxnWfg==",
			"requires": {
				"@types/node": "*"
			}
		},
		"typescript": {
			"version": "3.9.7",
			"resolved": "https://registry.npmjs.org/typescript/-/typescript-3.9.7.tgz",
			"integrity": "sha512-BLbiRkiBzAwsjut4x/dsibSTB6yWpwT5qWmC2OfuCg3GgVQCSgMs4vEctYPhsaGtd0AeuuHMkjZ2h2WG8MSzRw==",
			"dev": true
		}
	}
}
